
Microsoft Visual Studio Solution File, Format Version 12.00
# Visual Studio Version 17
VisualStudioVersion = 17.0.32014.148
MinimumVisualStudioVersion = 10.0.40219.1
Project("{8BC9CEB8-8B4A-11D0-8D11-00A0C91BC942}") = "theme", "theme\theme.vcxproj", "{D6E8947B-CDB3-47D3-82F4-A3DFD697DE20}"
EndProject
Project("{8BC9CEB8-8B4A-11D0-8D11-00A0C91BC942}") = "fc", "fc\fc.vcxproj", "{F0603BE0-195E-404C-8417-4D68FD81D3DE}"
EndProject
Project("{8BC9CEB8-8B4A-11D0-8D11-00A0C91BC942}") = "snail", "snail\snail.vcxproj", "{F35ED87C-8DA2-49C6-9706-1536F617CF6E}"
EndProject
Global
	GlobalSection(SolutionConfigurationPlatforms) = preSolution
		Debug|x64 = Debug|x64
		Debug|x86 = Debug|x86
		Release|x64 = Release|x64
		Release|x86 = Release|x86
	EndGlobalSection
	GlobalSection(ProjectConfigurationPlatforms) = postSolution
		{D6E8947B-CDB3-47D3-82F4-A3DFD697DE20}.Debug|x64.ActiveCfg = Debug|x64
		{D6E8947B-CDB3-47D3-82F4-A3DFD697DE20}.Debug|x64.Build.0 = Debug|x64
		{D6E8947B-CDB3-47D3-82F4-A3DFD697DE20}.Debug|x86.ActiveCfg = Debug|Win32
		{D6E8947B-CDB3-47D3-82F4-A3DFD697DE20}.Debug|x86.Build.0 = Debug|Win32
		{D6E8947B-CDB3-47D3-82F4-A3DFD697DE20}.Release|x64.ActiveCfg = Release|x64
		{D6E8947B-CDB3-47D3-82F4-A3DFD697DE20}.Release|x64.Build.0 = Release|x64
		{D6E8947B-CDB3-47D3-82F4-A3DFD697DE20}.Release|x86.ActiveCfg = Release|Win32
		{D6E8947B-CDB3-47D3-82F4-A3DFD697DE20}.Release|x86.Build.0 = Release|Win32
		{F0603BE0-195E-404C-8417-4D68FD81D3DE}.Debug|x64.ActiveCfg = Debug|x64
		{F0603BE0-195E-404C-8417-4D68FD81D3DE}.Debug|x64.Build.0 = Debug|x64
		{F0603BE0-195E-404C-8417-4D68FD81D3DE}.Debug|x86.ActiveCfg = Debug|Win32
		{F0603BE0-195E-404C-8417-4D68FD81D3DE}.Debug|x86.Build.0 = Debug|Win32
		{F0603BE0-195E-404C-8417-4D68FD81D3DE}.Release|x64.ActiveCfg = Release|x64
		{F0603BE0-195E-404C-8417-4D68FD81D3DE}.Release|x64.Build.0 = Release|x64
		{F0603BE0-195E-404C-8417-4D68FD81D3DE}.Release|x86.ActiveCfg = Release|Win32
		{F0603BE0-195E-404C-8417-4D68FD81D3DE}.Release|x86.Build.0 = Release|Win32
		{F35ED87C-8DA2-49C6-9706-1536F617CF6E}.Debug|x64.ActiveCfg = Debug|x64
		{F35ED87C-8DA2-49C6-9706-1536F617CF6E}.Debug|x64.Build.0 = Debug|x64
		{F35ED87C-8DA2-49C6-9706-1536F617CF6E}.Debug|x86.ActiveCfg = Debug|Win32
		{F35ED87C-8DA2-49C6-9706-1536F617CF6E}.Debug|x86.Build.0 = Debug|Win32
		{F35ED87C-8DA2-49C6-9706-1536F617CF6E}.Release|x64.ActiveCfg = Release|x64
		{F35ED87C-8DA2-49C6-9706-1536F617CF6E}.Release|x64.Build.0 = Release|x64
		{F35ED87C-8DA2-49C6-9706-1536F617CF6E}.Release|x86.ActiveCfg = Release|Win32
		{F35ED87C-8DA2-49C6-9706-1536F617CF6E}.Release|x86.Build.0 = Release|Win32
	EndGlobalSection
	GlobalSection(SolutionProperties) = preSolution
		HideSolutionNode = FALSE
	EndGlobalSection
	GlobalSection(ExtensibilityGlobals) = postSolution
		SolutionGuid = {093074D3-2E26-4E49-8DFF-5E22B0EBAE96}
	EndGlobalSection
EndGlobal
